
Microsoft Visual Studio Solution File, Format Version 12.00
# Visual Studio Version 16
VisualStudioVersion = 16.0.32413.511
MinimumVisualStudioVersion = 10.0.40219.1
Project("{FAE04EC0-301F-11D3-BF4B-00C04F79EFBC}") = "Work1", "Lesson_3\Work1.csproj", "{3A950B53-E431-471E-A0B2-87ACE3B1287F}"
EndProject
Project("{FAE04EC0-301F-11D3-BF4B-00C04F79EFBC}") = "Work2", "Work2\Work2.csproj", "{B1CED22D-2ABE-43F3-B6F0-F22260645080}"
EndProject
Project("{FAE04EC0-301F-11D3-BF4B-00C04F79EFBC}") = "Work3", "Work3\Work3.csproj", "{BD3C2090-36E8-43D1-8D06-E2D9A492993C}"
EndProject
Global
	GlobalSection(SolutionConfigurationPlatforms) = preSolution
		Debug|Any CPU = Debug|Any CPU
		Release|Any CPU = Release|Any CPU
	EndGlobalSection
	GlobalSection(ProjectConfigurationPlatforms) = postSolution
		{3A950B53-E431-471E-A0B2-87ACE3B1287F}.Debug|Any CPU.ActiveCfg = Debug|Any CPU
		{3A950B53-E431-471E-A0B2-87ACE3B1287F}.Debug|Any CPU.Build.0 = Debug|Any CPU
		{3A950B53-E431-471E-A0B2-87ACE3B1287F}.Release|Any CPU.ActiveCfg = Release|Any CPU
		{3A950B53-E431-471E-A0B2-87ACE3B1287F}.Release|Any CPU.Build.0 = Release|Any CPU
		{B1CED22D-2ABE-43F3-B6F0-F22260645080}.Debug|Any CPU.ActiveCfg = Debug|Any CPU
		{B1CED22D-2ABE-43F3-B6F0-F22260645080}.Debug|Any CPU.Build.0 = Debug|Any CPU
		{B1CED22D-2ABE-43F3-B6F0-F22260645080}.Release|Any CPU.ActiveCfg = Release|Any CPU
		{B1CED22D-2ABE-43F3-B6F0-F22260645080}.Release|Any CPU.Build.0 = Release|Any CPU
		{BD3C2090-36E8-43D1-8D06-E2D9A492993C}.Debug|Any CPU.ActiveCfg = Debug|Any CPU
		{BD3C2090-36E8-43D1-8D06-E2D9A492993C}.Debug|Any CPU.Build.0 = Debug|Any CPU
		{BD3C2090-36E8-43D1-8D06-E2D9A492993C}.Release|Any CPU.ActiveCfg = Release|Any CPU
		{BD3C2090-36E8-43D1-8D06-E2D9A492993C}.Release|Any CPU.Build.0 = Release|Any CPU
	EndGlobalSection
	GlobalSection(SolutionProperties) = preSolution
		HideSolutionNode = FALSE
	EndGlobalSection
	GlobalSection(ExtensibilityGlobals) = postSolution
		SolutionGuid = {2BEAB4AA-883E-4948-96A0-DDF1C632AEF7}
	EndGlobalSection
EndGlobal
